
Microsoft Visual Studio Solution File, Format Version 12.00
# Visual Studio 14
VisualStudioVersion = 14.0.25123.0
MinimumVisualStudioVersion = 10.0.40219.1
Project("{DACA23E6-9A65-49FD-A026-451AEFEAAAD4}") = "Sitecore.Support.257293", "Sitecore.Support.257293\Sitecore.Support.257293.csproj", "{CE8F80C6-A9CA-4687-BEAB-FEDD7E4CEE52}"
EndProject
Global
	GlobalSection(SolutionConfigurationPlatforms) = preSolution
		Debug|Any CPU = Debug|Any CPU
		Release|Any CPU = Release|Any CPU
	EndGlobalSection
	GlobalSection(ProjectConfigurationPlatforms) = postSolution
		{CE8F80C6-A9CA-4687-BEAB-FEDD7E4CEE52}.Debug|Any CPU.ActiveCfg = Debug|Any CPU
		{CE8F80C6-A9CA-4687-BEAB-FEDD7E4CEE52}.Debug|Any CPU.Build.0 = Debug|Any CPU
		{CE8F80C6-A9CA-4687-BEAB-FEDD7E4CEE52}.Release|Any CPU.ActiveCfg = Release|Any CPU
		{CE8F80C6-A9CA-4687-BEAB-FEDD7E4CEE52}.Release|Any CPU.Build.0 = Release|Any CPU
	EndGlobalSection
	GlobalSection(SolutionProperties) = preSolution
		HideSolutionNode = FALSE
	EndGlobalSection
EndGlobal
